
Microsoft Visual Studio Solution File, Format Version 11.00
# Visual C++ Express 2010
Project("{8BC9CEB8-8B4A-11D0-8D11-00A0C91BC942}") = "latwuc", "latwuc.vcxproj", "{41EF89FB-FED1-6AF3-4DD4-EEBF5891D67C}"
EndProject
Global
	GlobalSection(SolutionConfigurationPlatforms) = preSolution
		Debug|Win32 = Debug|Win32
		Release|Win32 = Release|Win32
	EndGlobalSection
	GlobalSection(ProjectConfigurationPlatforms) = postSolution
		{41EF89FB-FED1-6AF3-4DD4-EEBF5891D67C}.Debug|Win32.ActiveCfg = Debug|Win32
		{41EF89FB-FED1-6AF3-4DD4-EEBF5891D67C}.Debug|Win32.Build.0 = Debug|Win32
		{41EF89FB-FED1-6AF3-4DD4-EEBF5891D67C}.Release|Win32.ActiveCfg = Release|Win32
		{41EF89FB-FED1-6AF3-4DD4-EEBF5891D67C}.Release|Win32.Build.0 = Release|Win32
	EndGlobalSection
	GlobalSection(SolutionProperties) = preSolution
		HideSolutionNode = FALSE
	EndGlobalSection
EndGlobal
